// !$*UTF8*$!
{
	archiveVersion = 1;
	classes = {
	};
	objectVersion = 77;
	objects = {

/* Begin PBXBuildFile section */
		114690082F936C6500CAC8C6 /* FacebookCore in Frameworks */ = {isa = PBXBuildFile; productRef = 114690072F936C6500CAC8C6 /* FacebookCore */; };
		1146939D2FA6063B00CAC8C6 /* FirebaseCrashlytics in Frameworks */ = {isa = PBXBuildFile; productRef = 1146939C2FA6063B00CAC8C6 /* FirebaseCrashlytics */; };
		114694062FA79DD400CAC8C6 /* FirebaseRemoteConfig in Frameworks */ = {isa = PBXBuildFile; productRef = 114694052FA79DD400CAC8C6 /* FirebaseRemoteConfig */; };
		116FE5382F6EFA540094999F /* RevenueCat in Frameworks */ = {isa = PBXBuildFile; productRef = 116FE5372F6EFA540094999F /* RevenueCat */; };
		117704122F912F15001E40FC /* FirebaseAnalytics in Frameworks */ = {isa = PBXBuildFile; productRef = 117704112F912F15001E40FC /* FirebaseAnalytics */; };
/* End PBXBuildFile section */

/* Begin PBXContainerItemProxy section */
		116FE5E92F73BDBB0094999F /* PBXContainerItemProxy */ = {
			isa = PBXContainerItemProxy;
			containerPortal = 1195F1362F5ADD78003B4DD2 /* Project object */;
			proxyType = 1;
			remoteGlobalIDString = 1195F13D2F5ADD78003B4DD2;
			remoteInfo = PromptFlow;
		};
/* End PBXContainerItemProxy section */

/* Begin PBXFileReference section */
		116FE5E52F73BDBB0094999F /* PromptFlowTests.xctest */ = {isa = PBXFileReference; explicitFileType = wrapper.cfbundle; includeInIndex = 0; path = PromptFlowTests.xctest; sourceTree = BUILT_PRODUCTS_DIR; };
		116FE5F82F73C2410094999F /* PromptFlow.xctestplan */ = {isa = PBXFileReference; lastKnownFileType = text; path = PromptFlow.xctestplan; sourceTree = "<group>"; };
		1195F13E2F5ADD78003B4DD2 /* PromptFlow.app */ = {isa = PBXFileReference; explicitFileType = wrapper.application; includeInIndex = 0; path = PromptFlow.app; sourceTree = BUILT_PRODUCTS_DIR; };
/* End PBXFileReference section */

/* Begin PBXFileSystemSynchronizedBuildFileExceptionSet section */
		1195F1682F5AE4F0003B4DD2 /* Exceptions for "PromptFlow" folder in "PromptFlow" target */ = {
			isa = PBXFileSystemSynchronizedBuildFileExceptionSet;
			membershipExceptions = (
				Info.plist,
			);
			target = 1195F13D2F5ADD78003B4DD2 /* PromptFlow */;
		};
/* End PBXFileSystemSynchronizedBuildFileExceptionSet section */

/* Begin PBXFileSystemSynchronizedRootGroup section */
		116FE5E62F73BDBB0094999F /* PromptFlowTests */ = {
			isa = PBXFileSystemSynchronizedRootGroup;
			path = PromptFlowTests;
			sourceTree = "<group>";
		};
		1195F1402F5ADD78003B4DD2 /* PromptFlow */ = {
			isa = PBXFileSystemSynchronizedRootGroup;
			exceptions = (
				1195F1682F5AE4F0003B4DD2 /* Exceptions for "PromptFlow" folder in "PromptFlow" target */,
			);
			path = PromptFlow;
			sourceTree = "<group>";
		};
/* End PBXFileSystemSynchronizedRootGroup section */

/* Begin PBXFrameworksBuildPhase section */
		116FE5E22F73BDBB0094999F /* Frameworks */ = {
			isa = PBXFrameworksBuildPhase;
			buildActionMask = 2147483647;
			files = (
			);
			runOnlyForDeploymentPostprocessing = 0;
		};
		1195F13B2F5ADD78003B4DD2 /* Frameworks */ = {
			isa = PBXFrameworksBuildPhase;
			buildActionMask = 2147483647;
			files = (
				117704122F912F15001E40FC /* FirebaseAnalytics in Frameworks */,
				1146939D2FA6063B00CAC8C6 /* FirebaseCrashlytics in Frameworks */,
				114690082F936C6500CAC8C6 /* FacebookCore in Frameworks */,
				116FE5382F6EFA540094999F /* RevenueCat in Frameworks */,
				114694062FA79DD400CAC8C6 /* FirebaseRemoteConfig in Frameworks */,
			);
			runOnlyForDeploymentPostprocessing = 0;
		};
/* End PBXFrameworksBuildPhase section */

/* Begin PBXGroup section */
		1146939B2FA6063B00CAC8C6 /* Frameworks */ = {
			isa = PBXGroup;
			children = (
			);
			name = Frameworks;
			sourceTree = "<group>";
		};
		1195F1352F5ADD78003B4DD2 = {
			isa = PBXGroup;
			children = (
				116FE5F82F73C2410094999F /* PromptFlow.xctestplan */,
				1195F1402F5ADD78003B4DD2 /* PromptFlow */,
				116FE5E62F73BDBB0094999F /* PromptFlowTests */,
				1146939B2FA6063B00CAC8C6 /* Frameworks */,
				1195F13F2F5ADD78003B4DD2 /* Products */,
			);
			sourceTree = "<group>";
		};
		1195F13F2F5ADD78003B4DD2 /* Products */ = {
			isa = PBXGroup;
			children = (
				1195F13E2F5ADD78003B4DD2 /* PromptFlow.app */,
				116FE5E52F73BDBB0094999F /* PromptFlowTests.xctest */,
			);
			name = Products;
			sourceTree = "<group>";
		};
/* End PBXGroup section */

/* Begin PBXNativeTarget section */
		116FE5E42F73BDBB0094999F /* PromptFlowTests */ = {
			isa = PBXNativeTarget;
			buildConfigurationList = 116FE5EB2F73BDBB0094999F /* Build configuration list for PBXNativeTarget "PromptFlowTests" */;
			buildPhases = (
				116FE5E12F73BDBB0094999F /* Sources */,
				116FE5E22F73BDBB0094999F /* Frameworks */,
				116FE5E32F73BDBB0094999F /* Resources */,
			);
			buildRules = (
			);
			dependencies = (
				116FE5EA2F73BDBB0094999F /* PBXTargetDependency */,
			);
			fileSystemSynchronizedGroups = (
				116FE5E62F73BDBB0094999F /* PromptFlowTests */,
			);
			name = PromptFlowTests;
			packageProductDependencies = (
			);
			productName = PromptFlowTests;
			productReference = 116FE5E52F73BDBB0094999F /* PromptFlowTests.xctest */;
			productType = "com.apple.product-type.bundle.unit-test";
		};
		1195F13D2F5ADD78003B4DD2 /* PromptFlow */ = {
			isa = PBXNativeTarget;
			buildConfigurationList = 1195F14B2F5ADD79003B4DD2 /* Build configuration list for PBXNativeTarget "PromptFlow" */;
			buildPhases = (
				1195F13A2F5ADD78003B4DD2 /* Sources */,
				1195F13B2F5ADD78003B4DD2 /* Frameworks */,
				1195F13C2F5ADD78003B4DD2 /* Resources */,
			);
			buildRules = (
			);
			dependencies = (
			);
			fileSystemSynchronizedGroups = (
				1195F1402F5ADD78003B4DD2 /* PromptFlow */,
			);
			name = PromptFlow;
			packageProductDependencies = (
				116FE5372F6EFA540094999F /* RevenueCat */,
				117704112F912F15001E40FC /* FirebaseAnalytics */,
				114690072F936C6500CAC8C6 /* FacebookCore */,
				1146939C2FA6063B00CAC8C6 /* FirebaseCrashlytics */,
				114694052FA79DD400CAC8C6 /* FirebaseRemoteConfig */,
			);
			productName = PromptFlow;
			productReference = 1195F13E2F5ADD78003B4DD2 /* PromptFlow.app */;
			productType = "com.apple.product-type.application";
		};
/* End PBXNativeTarget section */

/* Begin PBXProject section */
		1195F1362F5ADD78003B4DD2 /* Project object */ = {
			isa = PBXProject;
			attributes = {
				BuildIndependentTargetsInParallel = 1;
				LastSwiftUpdateCheck = 2630;
				LastUpgradeCheck = 2630;
				TargetAttributes = {
					116FE5E42F73BDBB0094999F = {
						CreatedOnToolsVersion = 26.3;
						TestTargetID = 1195F13D2F5ADD78003B4DD2;
					};
					1195F13D2F5ADD78003B4DD2 = {
						CreatedOnToolsVersion = 26.3;
					};
				};
			};
			buildConfigurationList = 1195F1392F5ADD78003B4DD2 /* Build configuration list for PBXProject "PromptFlow" */;
			developmentRegion = en;
			hasScannedForEncodings = 0;
			knownRegions = (
				en,
				Base,
				ru,
				"es-419",
				"pt-BR",
			);
			mainGroup = 1195F1352F5ADD78003B4DD2;
			minimizedProjectReferenceProxies = 1;
			packageReferences = (
				116FE5362F6EFA540094999F /* XCRemoteSwiftPackageReference "purchases-ios-spm" */,
				117704102F912F15001E40FC /* XCRemoteSwiftPackageReference "firebase-ios-sdk" */,
				114690062F936C6500CAC8C6 /* XCRemoteSwiftPackageReference "facebook-ios-sdk" */,
			);
			preferredProjectObjectVersion = 77;
			productRefGroup = 1195F13F2F5ADD78003B4DD2 /* Products */;
			projectDirPath = "";
			projectRoot = "";
			targets = (
				1195F13D2F5ADD78003B4DD2 /* PromptFlow */,
				116FE5E42F73BDBB0094999F /* PromptFlowTests */,
			);
		};
/* End PBXProject section */

/* Begin PBXResourcesBuildPhase section */
		116FE5E32F73BDBB0094999F /* Resources */ = {
			isa = PBXResourcesBuildPhase;
			buildActionMask = 2147483647;
			files = (
			);
			runOnlyForDeploymentPostprocessing = 0;
		};
		1195F13C2F5ADD78003B4DD2 /* Resources */ = {
			isa = PBXResourcesBuildPhase;
			buildActionMask = 2147483647;
			files = (
			);
			runOnlyForDeploymentPostprocessing = 0;
		};
/* End PBXResourcesBuildPhase section */

/* Begin PBXSourcesBuildPhase section */
		116FE5E12F73BDBB0094999F /* Sources */ = {
			isa = PBXSourcesBuildPhase;
			buildActionMask = 2147483647;
			files = (
			);
			runOnlyForDeploymentPostprocessing = 0;
		};
		1195F13A2F5ADD78003B4DD2 /* Sources */ = {
			isa = PBXSourcesBuildPhase;
			buildActionMask = 2147483647;
			files = (
			);
			runOnlyForDeploymentPostprocessing = 0;
		};
/* End PBXSourcesBuildPhase section */

/* Begin PBXTargetDependency section */
		116FE5EA2F73BDBB0094999F /* PBXTargetDependency */ = {
			isa = PBXTargetDependency;
			target = 1195F13D2F5ADD78003B4DD2 /* PromptFlow */;
			targetProxy = 116FE5E92F73BDBB0094999F /* PBXContainerItemProxy */;
		};
/* End PBXTargetDependency section */

/* Begin XCBuildConfiguration section */
		116FE5EC2F73BDBB0094999F /* Debug */ = {
			isa = XCBuildConfiguration;
			buildSettings = {
				BUNDLE_LOADER = "$(TEST_HOST)";
				CODE_SIGN_STYLE = Automatic;
				CURRENT_PROJECT_VERSION = 1;
				GENERATE_INFOPLIST_FILE = YES;
				MARKETING_VERSION = 1.0;
				PRODUCT_BUNDLE_IDENTIFIER = com.quazilier.PromptFlowTests;
				PRODUCT_NAME = "$(TARGET_NAME)";
				STRING_CATALOG_GENERATE_SYMBOLS = NO;
				SWIFT_APPROACHABLE_CONCURRENCY = YES;
				SWIFT_EMIT_LOC_STRINGS = NO;
				SWIFT_UPCOMING_FEATURE_MEMBER_IMPORT_VISIBILITY = YES;
				SWIFT_VERSION = 5.0;
				TARGETED_DEVICE_FAMILY = "1,2";
				TEST_HOST = "$(BUILT_PRODUCTS_DIR)/PromptFlow.app/$(BUNDLE_EXECUTABLE_FOLDER_PATH)/PromptFlow";
			};
			name = Debug;
		};
		116FE5ED2F73BDBB0094999F /* Release */ = {
			isa = XCBuildConfiguration;
			buildSettings = {
				BUNDLE_LOADER = "$(TEST_HOST)";
				CODE_SIGN_STYLE = Automatic;
				CURRENT_PROJECT_VERSION = 1;
				GENERATE_INFOPLIST_FILE = YES;
				MARKETING_VERSION = 1.0;
				PRODUCT_BUNDLE_IDENTIFIER = com.quazilier.PromptFlowTests;
				PRODUCT_NAME = "$(TARGET_NAME)";
				STRING_CATALOG_GENERATE_SYMBOLS = NO;
				SWIFT_APPROACHABLE_CONCURRENCY = YES;
				SWIFT_EMIT_LOC_STRINGS = NO;
				SWIFT_UPCOMING_FEATURE_MEMBER_IMPORT_VISIBILITY = YES;
				SWIFT_VERSION = 5.0;
				TARGETED_DEVICE_FAMILY = "1,2";
				TEST_HOST = "$(BUILT_PRODUCTS_DIR)/PromptFlow.app/$(BUNDLE_EXECUTABLE_FOLDER_PATH)/PromptFlow";
			};
			name = Release;
		};
		1195F1492F5ADD79003B4DD2 /* Debug */ = {
			isa = XCBuildConfiguration;
			buildSettings = {
				ALWAYS_SEARCH_USER_PATHS = NO;
				ASSETCATALOG_COMPILER_GENERATE_SWIFT_ASSET_SYMBOL_EXTENSIONS = YES;
				CLANG_ANALYZER_NONNULL = YES;
				CLANG_ANALYZER_NUMBER_OBJECT_CONVERSION = YES_AGGRESSIVE;
				CLANG_CXX_LANGUAGE_STANDARD = "gnu++20";
				CLANG_ENABLE_MODULES = YES;
				CLANG_ENABLE_OBJC_ARC = YES;
				CLANG_ENABLE_OBJC_WEAK = YES;
				CLANG_WARN_BLOCK_CAPTURE_AUTORELEASING = YES;
				CLANG_WARN_BOOL_CONVERSION = YES;
				CLANG_WARN_COMMA = YES;
				CLANG_WARN_CONSTANT_CONVERSION = YES;
				CLANG_WARN_DEPRECATED_OBJC_IMPLEMENTATIONS = YES;
				CLANG_WARN_DIRECT_OBJC_ISA_USAGE = YES_ERROR;
				CLANG_WARN_DOCUMENTATION_COMMENTS = YES;
				CLANG_WARN_EMPTY_BODY = YES;
				CLANG_WARN_ENUM_CONVERSION = YES;
				CLANG_WARN_INFINITE_RECURSION = YES;
				CLANG_WARN_INT_CONVERSION = YES;
				CLANG_WARN_NON_LITERAL_NULL_CONVERSION = YES;
				CLANG_WARN_OBJC_IMPLICIT_RETAIN_SELF = YES;
				CLANG_WARN_OBJC_LITERAL_CONVERSION = YES;
				CLANG_WARN_OBJC_ROOT_CLASS = YES_ERROR;
				CLANG_WARN_QUOTED_INCLUDE_IN_FRAMEWORK_HEADER = YES;
				CLANG_WARN_RANGE_LOOP_ANALYSIS = YES;
				CLANG_WARN_STRICT_PROTOTYPES = YES;
				CLANG_WARN_SUSPICIOUS_MOVE = YES;
				CLANG_WARN_UNGUARDED_AVAILABILITY = YES_AGGRESSIVE;
				CLANG_WARN_UNREACHABLE_CODE = YES;
				CLANG_WARN__DUPLICATE_METHOD_MATCH = YES;
				COPY_PHASE_STRIP = NO;
				DEBUG_INFORMATION_FORMAT = dwarf;
				DEVELOPMENT_TEAM = KT4DXU7VF6;
				ENABLE_STRICT_OBJC_MSGSEND = YES;
				ENABLE_TESTABILITY = YES;
				ENABLE_USER_SCRIPT_SANDBOXING = YES;
				GCC_C_LANGUAGE_STANDARD = gnu17;
				GCC_DYNAMIC_NO_PIC = NO;
				GCC_NO_COMMON_BLOCKS = YES;
				GCC_OPTIMIZATION_LEVEL = 0;
				GCC_PREPROCESSOR_DEFINITIONS = (
					"DEBUG=1",
					"$(inherited)",
				);
				GCC_WARN_64_TO_32_BIT_CONVERSION = YES;
				GCC_WARN_ABOUT_RETURN_TYPE = YES_ERROR;
				GCC_WARN_UNDECLARED_SELECTOR = YES;
				GCC_WARN_UNINITIALIZED_AUTOS = YES_AGGRESSIVE;
				GCC_WARN_UNUSED_FUNCTION = YES;
				GCC_WARN_UNUSED_VARIABLE = YES;
				IPHONEOS_DEPLOYMENT_TARGET = 26.2;
				LOCALIZATION_PREFERS_STRING_CATALOGS = YES;
				MTL_ENABLE_DEBUG_INFO = INCLUDE_SOURCE;
				MTL_FAST_MATH = YES;
				ONLY_ACTIVE_ARCH = YES;
				SDKROOT = iphoneos;
				SWIFT_ACTIVE_COMPILATION_CONDITIONS = "DEBUG $(inherited)";
				SWIFT_OPTIMIZATION_LEVEL = "-Onone";
			};
			name = Debug;
		};
		1195F14A2F5ADD79003B4DD2 /* Release */ = {
			isa = XCBuildConfiguration;
			buildSettings = {
				ALWAYS_SEARCH_USER_PATHS = NO;
				ASSETCATALOG_COMPILER_GENERATE_SWIFT_ASSET_SYMBOL_EXTENSIONS = YES;
				CLANG_ANALYZER_NONNULL = YES;
				CLANG_ANALYZER_NUMBER_OBJECT_CONVERSION = YES_AGGRESSIVE;
				CLANG_CXX_LANGUAGE_STANDARD = "gnu++20";
				CLANG_ENABLE_MODULES = YES;
				CLANG_ENABLE_OBJC_ARC = YES;
				CLANG_ENABLE_OBJC_WEAK = YES;
				CLANG_WARN_BLOCK_CAPTURE_AUTORELEASING = YES;
				CLANG_WARN_BOOL_CONVERSION = YES;
				CLANG_WARN_COMMA = YES;
				CLANG_WARN_CONSTANT_CONVERSION = YES;
				CLANG_WARN_DEPRECATED_OBJC_IMPLEMENTATIONS = YES;
				CLANG_WARN_DIRECT_OBJC_ISA_USAGE = YES_ERROR;
				CLANG_WARN_DOCUMENTATION_COMMENTS = YES;
				CLANG_WARN_EMPTY_BODY = YES;
				CLANG_WARN_ENUM_CONVERSION = YES;
				CLANG_WARN_INFINITE_RECURSION = YES;
				CLANG_WARN_INT_CONVERSION = YES;
				CLANG_WARN_NON_LITERAL_NULL_CONVERSION = YES;
				CLANG_WARN_OBJC_IMPLICIT_RETAIN_SELF = YES;
				CLANG_WARN_OBJC_LITERAL_CONVERSION = YES;
				CLANG_WARN_OBJC_ROOT_CLASS = YES_ERROR;
				CLANG_WARN_QUOTED_INCLUDE_IN_FRAMEWORK_HEADER = YES;
				CLANG_WARN_RANGE_LOOP_ANALYSIS = YES;
				CLANG_WARN_STRICT_PROTOTYPES = YES;
				CLANG_WARN_SUSPICIOUS_MOVE = YES;
				CLANG_WARN_UNGUARDED_AVAILABILITY = YES_AGGRESSIVE;
				CLANG_WARN_UNREACHABLE_CODE = YES;
				CLANG_WARN__DUPLICATE_METHOD_MATCH = YES;
				COPY_PHASE_STRIP = NO;
				DEBUG_INFORMATION_FORMAT = "dwarf-with-dsym";
				DEVELOPMENT_TEAM = KT4DXU7VF6;
				ENABLE_NS_ASSERTIONS = NO;
				ENABLE_STRICT_OBJC_MSGSEND = YES;
				ENABLE_USER_SCRIPT_SANDBOXING = YES;
				GCC_C_LANGUAGE_STANDARD = gnu17;
				GCC_NO_COMMON_BLOCKS = YES;
				GCC_WARN_64_TO_32_BIT_CONVERSION = YES;
				GCC_WARN_ABOUT_RETURN_TYPE = YES_ERROR;
				GCC_WARN_UNDECLARED_SELECTOR = YES;
				GCC_WARN_UNINITIALIZED_AUTOS = YES_AGGRESSIVE;
				GCC_WARN_UNUSED_FUNCTION = YES;
				GCC_WARN_UNUSED_VARIABLE = YES;
				IPHONEOS_DEPLOYMENT_TARGET = 26.2;
				LOCALIZATION_PREFERS_STRING_CATALOGS = YES;
				MTL_ENABLE_DEBUG_INFO = NO;
				MTL_FAST_MATH = YES;
				SDKROOT = iphoneos;
				SWIFT_COMPILATION_MODE = wholemodule;
				VALIDATE_PRODUCT = YES;
			};
			name = Release;
		};
		1195F14C2F5ADD79003B4DD2 /* Debug */ = {
			isa = XCBuildConfiguration;
			buildSettings = {
				ASSETCATALOG_COMPILER_APPICON_NAME = AppIcon;
				ASSETCATALOG_COMPILER_GLOBAL_ACCENT_COLOR_NAME = AccentColor;
				ASSETCATALOG_COMPILER_INCLUDE_ALL_APPICON_ASSETS = YES;
				CODE_SIGN_ENTITLEMENTS = PromptFlow/PromptFlow.entitlements;
				CODE_SIGN_STYLE = Automatic;
				CURRENT_PROJECT_VERSION = 1;
				DEVELOPMENT_TEAM = NB4UJ8958V;
				ENABLE_PREVIEWS = YES;
				GENERATE_INFOPLIST_FILE = YES;
				INFOPLIST_FILE = PromptFlow/Info.plist;
				INFOPLIST_KEY_CFBundleDisplayName = SteadyEye;
				INFOPLIST_KEY_LSApplicationCategoryType = "public.app-category.utilities";
				INFOPLIST_KEY_NSCameraUsageDescription = "SteadyEye uses the camera so you can record yourself while reading your script.";
				INFOPLIST_KEY_NSMicrophoneUsageDescription = "SteadyEye uses the microphone to record audio while you film your video.";
				INFOPLIST_KEY_NSPhotoLibraryAddUsageDescription = "PromptFlow saves your recorded videos to your Photo Library.";
				INFOPLIST_KEY_NSUserTrackingUsageDescription = "Allow SteadyEye to measure how ads help new creators find our app. Your data stays anonymous.";
				INFOPLIST_KEY_UIApplicationSceneManifest_Generation = YES;
				INFOPLIST_KEY_UIApplicationSupportsIndirectInputEvents = YES;
				INFOPLIST_KEY_UILaunchScreen_Generation = YES;
				INFOPLIST_KEY_UISupportedInterfaceOrientations = UIInterfaceOrientationPortrait;
				INFOPLIST_KEY_UISupportedInterfaceOrientations_iPad = "UIInterfaceOrientationLandscapeLeft UIInterfaceOrientationLandscapeRight UIInterfaceOrientationPortrait UIInterfaceOrientationPortraitUpsideDown";
				IPHONEOS_DEPLOYMENT_TARGET = 17.0;
				LD_RUNPATH_SEARCH_PATHS = (
					"$(inherited)",
					"@executable_path/Frameworks",
				);
				MARKETING_VERSION = 1.4.2;
				PRODUCT_BUNDLE_IDENTIFIER = com.kirillvasilyev.SteadyEye;
				PRODUCT_NAME = "$(TARGET_NAME)";
				STRING_CATALOG_GENERATE_SYMBOLS = YES;
				SWIFT_ACTIVE_COMPILATION_CONDITIONS = "DEBUG DEV";
				SWIFT_APPROACHABLE_CONCURRENCY = YES;
				SWIFT_DEFAULT_ACTOR_ISOLATION = MainActor;
				SWIFT_EMIT_LOC_STRINGS = YES;
				SWIFT_UPCOMING_FEATURE_MEMBER_IMPORT_VISIBILITY = YES;
				SWIFT_VERSION = 5.0;
				TARGETED_DEVICE_FAMILY = 1;
			};
			name = Debug;
		};
		1195F14D2F5ADD79003B4DD2 /* Release */ = {
			isa = XCBuildConfiguration;
			buildSettings = {
				ASSETCATALOG_COMPILER_APPICON_NAME = AppIcon;
				ASSETCATALOG_COMPILER_GLOBAL_ACCENT_COLOR_NAME = AccentColor;
				ASSETCATALOG_COMPILER_INCLUDE_ALL_APPICON_ASSETS = YES;
				CODE_SIGN_ENTITLEMENTS = PromptFlow/PromptFlow.entitlements;
				CODE_SIGN_STYLE = Automatic;
				CURRENT_PROJECT_VERSION = 1;
				DEVELOPMENT_TEAM = NB4UJ8958V;
				ENABLE_PREVIEWS = YES;
				GENERATE_INFOPLIST_FILE = YES;
				INFOPLIST_FILE = PromptFlow/Info.plist;
				INFOPLIST_KEY_CFBundleDisplayName = SteadyEye;
				INFOPLIST_KEY_LSApplicationCategoryType = "public.app-category.utilities";
				INFOPLIST_KEY_NSCameraUsageDescription = "SteadyEye uses the camera so you can record yourself while reading your script.";
				INFOPLIST_KEY_NSMicrophoneUsageDescription = "SteadyEye uses the microphone to record audio while you film your video.";
				INFOPLIST_KEY_NSPhotoLibraryAddUsageDescription = "PromptFlow saves your recorded videos to your Photo Library.";
				INFOPLIST_KEY_NSUserTrackingUsageDescription = "Allow SteadyEye to measure how ads help new creators find our app. Your data stays anonymous.";
				INFOPLIST_KEY_UIApplicationSceneManifest_Generation = YES;
				INFOPLIST_KEY_UIApplicationSupportsIndirectInputEvents = YES;
				INFOPLIST_KEY_UILaunchScreen_Generation = YES;
				INFOPLIST_KEY_UISupportedInterfaceOrientations = UIInterfaceOrientationPortrait;
				INFOPLIST_KEY_UISupportedInterfaceOrientations_iPad = "UIInterfaceOrientationLandscapeLeft UIInterfaceOrientationLandscapeRight UIInterfaceOrientationPortrait UIInterfaceOrientationPortraitUpsideDown";
				IPHONEOS_DEPLOYMENT_TARGET = 17.0;
				LD_RUNPATH_SEARCH_PATHS = (
					"$(inherited)",
					"@executable_path/Frameworks",
				);
				MARKETING_VERSION = 1.4.2;
				PRODUCT_BUNDLE_IDENTIFIER = com.kirillvasilyev.SteadyEye;
				PRODUCT_NAME = "$(TARGET_NAME)";
				STRING_CATALOG_GENERATE_SYMBOLS = YES;
				SWIFT_APPROACHABLE_CONCURRENCY = YES;
				SWIFT_DEFAULT_ACTOR_ISOLATION = MainActor;
				SWIFT_EMIT_LOC_STRINGS = YES;
				SWIFT_UPCOMING_FEATURE_MEMBER_IMPORT_VISIBILITY = YES;
				SWIFT_VERSION = 5.0;
				TARGETED_DEVICE_FAMILY = 1;
			};
			name = Release;
		};
/* End XCBuildConfiguration section */

/* Begin XCConfigurationList section */
		116FE5EB2F73BDBB0094999F /* Build configuration list for PBXNativeTarget "PromptFlowTests" */ = {
			isa = XCConfigurationList;
			buildConfigurations = (
				116FE5EC2F73BDBB0094999F /* Debug */,
				116FE5ED2F73BDBB0094999F /* Release */,
			);
			defaultConfigurationIsVisible = 0;
			defaultConfigurationName = Release;
		};
		1195F1392F5ADD78003B4DD2 /* Build configuration list for PBXProject "PromptFlow" */ = {
			isa = XCConfigurationList;
			buildConfigurations = (
				1195F1492F5ADD79003B4DD2 /* Debug */,
				1195F14A2F5ADD79003B4DD2 /* Release */,
			);
			defaultConfigurationIsVisible = 0;
			defaultConfigurationName = Release;
		};
		1195F14B2F5ADD79003B4DD2 /* Build configuration list for PBXNativeTarget "PromptFlow" */ = {
			isa = XCConfigurationList;
			buildConfigurations = (
				1195F14C2F5ADD79003B4DD2 /* Debug */,
				1195F14D2F5ADD79003B4DD2 /* Release */,
			);
			defaultConfigurationIsVisible = 0;
			defaultConfigurationName = Release;
		};
/* End XCConfigurationList section */

/* Begin XCRemoteSwiftPackageReference section */
		114690062F936C6500CAC8C6 /* XCRemoteSwiftPackageReference "facebook-ios-sdk" */ = {
			isa = XCRemoteSwiftPackageReference;
			repositoryURL = "https://github.com/facebook/facebook-ios-sdk";
			requirement = {
				kind = exactVersion;
				version = 18.0.3;
			};
		};
		116FE5362F6EFA540094999F /* XCRemoteSwiftPackageReference "purchases-ios-spm" */ = {
			isa = XCRemoteSwiftPackageReference;
			repositoryURL = "https://github.com/RevenueCat/purchases-ios-spm.git";
			requirement = {
				kind = upToNextMinorVersion;
				minimumVersion = 5.66.0;
			};
		};
		117704102F912F15001E40FC /* XCRemoteSwiftPackageReference "firebase-ios-sdk" */ = {
			isa = XCRemoteSwiftPackageReference;
			repositoryURL = "https://github.com/firebase/firebase-ios-sdk";
			requirement = {
				kind = upToNextMajorVersion;
				minimumVersion = 12.12.0;
			};
		};
/* End XCRemoteSwiftPackageReference section */

/* Begin XCSwiftPackageProductDependency section */
		114690072F936C6500CAC8C6 /* FacebookCore */ = {
			isa = XCSwiftPackageProductDependency;
			package = 114690062F936C6500CAC8C6 /* XCRemoteSwiftPackageReference "facebook-ios-sdk" */;
			productName = FacebookCore;
		};
		1146939C2FA6063B00CAC8C6 /* FirebaseCrashlytics */ = {
			isa = XCSwiftPackageProductDependency;
			package = 117704102F912F15001E40FC /* XCRemoteSwiftPackageReference "firebase-ios-sdk" */;
			productName = FirebaseCrashlytics;
		};
		114694052FA79DD400CAC8C6 /* FirebaseRemoteConfig */ = {
			isa = XCSwiftPackageProductDependency;
			package = 117704102F912F15001E40FC /* XCRemoteSwiftPackageReference "firebase-ios-sdk" */;
			productName = FirebaseRemoteConfig;
		};
		116FE5372F6EFA540094999F /* RevenueCat */ = {
			isa = XCSwiftPackageProductDependency;
			package = 116FE5362F6EFA540094999F /* XCRemoteSwiftPackageReference "purchases-ios-spm" */;
			productName = RevenueCat;
		};
		117704112F912F15001E40FC /* FirebaseAnalytics */ = {
			isa = XCSwiftPackageProductDependency;
			package = 117704102F912F15001E40FC /* XCRemoteSwiftPackageReference "firebase-ios-sdk" */;
			productName = FirebaseAnalytics;
		};
/* End XCSwiftPackageProductDependency section */
	};
	rootObject = 1195F1362F5ADD78003B4DD2 /* Project object */;
}
